
Microsoft Visual Studio Solution File, Format Version 12.00
# Visual Studio 15
VisualStudioVersion = 15.0.28307.1500
MinimumVisualStudioVersion = 10.0.40219.1
Project("{FAE04EC0-301F-11D3-BF4B-00C04F79EFBC}") = "Uri_1007", "Uri_1007\Uri_1007.csproj", "{970E3B95-7C9B-42CF-858C-888ED2FA581F}"
EndProject
Global
	GlobalSection(SolutionConfigurationPlatforms) = preSolution
		Debug|Any CPU = Debug|Any CPU
		Release|Any CPU = Release|Any CPU
	EndGlobalSection
	GlobalSection(ProjectConfigurationPlatforms) = postSolution
		{970E3B95-7C9B-42CF-858C-888ED2FA581F}.Debug|Any CPU.ActiveCfg = Debug|Any CPU
		{970E3B95-7C9B-42CF-858C-888ED2FA581F}.Debug|Any CPU.Build.0 = Debug|Any CPU
		{970E3B95-7C9B-42CF-858C-888ED2FA581F}.Release|Any CPU.ActiveCfg = Release|Any CPU
		{970E3B95-7C9B-42CF-858C-888ED2FA581F}.Release|Any CPU.Build.0 = Release|Any CPU
	EndGlobalSection
	GlobalSection(SolutionProperties) = preSolution
		HideSolutionNode = FALSE
	EndGlobalSection
	GlobalSection(ExtensibilityGlobals) = postSolution
		SolutionGuid = {CC9D83D4-A0B2-41E8-822D-F6BD38F36CE7}
	EndGlobalSection
EndGlobal
